
Microsoft Visual Studio Solution File, Format Version 12.00
# Visual Studio Version 16
VisualStudioVersion = 16.0.29905.134
MinimumVisualStudioVersion = 10.0.40219.1
Project("{FAE04EC0-301F-11D3-BF4B-00C04F79EFBC}") = "Treat_Api", "Treat_Api\Treat_Api.csproj", "{A77102C3-CDDA-4ADE-891E-0530848492A6}"
EndProject
Global
	GlobalSection(SolutionConfigurationPlatforms) = preSolution
		Debug|Any CPU = Debug|Any CPU
		Release|Any CPU = Release|Any CPU
	EndGlobalSection
	GlobalSection(ProjectConfigurationPlatforms) = postSolution
		{A77102C3-CDDA-4ADE-891E-0530848492A6}.Debug|Any CPU.ActiveCfg = Debug|Any CPU
		{A77102C3-CDDA-4ADE-891E-0530848492A6}.Debug|Any CPU.Build.0 = Debug|Any CPU
		{A77102C3-CDDA-4ADE-891E-0530848492A6}.Release|Any CPU.ActiveCfg = Release|Any CPU
		{A77102C3-CDDA-4ADE-891E-0530848492A6}.Release|Any CPU.Build.0 = Release|Any CPU
	EndGlobalSection
	GlobalSection(SolutionProperties) = preSolution
		HideSolutionNode = FALSE
	EndGlobalSection
	GlobalSection(ExtensibilityGlobals) = postSolution
		SolutionGuid = {9C0EE91A-0363-406A-BDAA-C47DCC61FAF9}
	EndGlobalSection
EndGlobal
